{
  "version": 4,
  "terraform_version": "1.0.4",
  "serial": 198,
  "lineage": "078eb871-9c0c-5935-f014-ad5b3b844548",
  "outputs": {},
  "resources": [
    {
      "module": "module.my_api_gateway",
      "mode": "managed",
      "type": "aws_api_gateway_deployment",
      "name": "example",
      "provider": "provider[\"registry.terraform.io/hashicorp/aws\"]",
      "instances": [
        {
          "schema_version": 0,
          "attributes": {
            "created_date": "2021-08-23T12:30:24Z",
            "description": "",
            "execution_arn": "arn:aws:execute-api:us-east-1:489994096722:0tkcxigu8l/",
            "id": "3ldb45",
            "invoke_url": "https://0tkcxigu8l.execute-api.us-east-1.amazonaws.com/",
            "rest_api_id": "0tkcxigu8l",
            "stage_description": null,
            "stage_name": null,
            "triggers": {
              "redeployment": "63e1545fd537c0eff2e9ea9a7d1f71ad3a4330ca"
            },
            "variables": null
          },
          "sensitive_attributes": [],
          "private": "bnVsbA==",
          "dependencies": [
            "module.my_api_gateway.aws_api_gateway_integration.delete_integration",
            "module.my_api_gateway.aws_api_gateway_integration.get_integration",
            "module.my_api_gateway.aws_api_gateway_integration.integration",
            "module.my_api_gateway.aws_api_gateway_integration.update_integration",
            "module.my_api_gateway.aws_api_gateway_method.create_method2",
            "module.my_api_gateway.aws_api_gateway_method.delete_method",
            "module.my_api_gateway.aws_api_gateway_method.get_method",
            "module.my_api_gateway.aws_api_gateway_method.update_method2",
            "module.my_api_gateway.aws_api_gateway_model.deletemodel1",
            "module.my_api_gateway.aws_api_gateway_model.getmodel1",
            "module.my_api_gateway.aws_api_gateway_model.postmodel1",
            "module.my_api_gateway.aws_api_gateway_model.updatemodel1",
            "module.my_api_gateway.aws_api_gateway_request_validator.validator",
            "module.my_api_gateway.aws_api_gateway_resource.resource",
            "module.my_api_gateway.aws_api_gateway_rest_api.api",
            "module.my_lambda_functions.aws_lambda_function.create_lambda",
            "module.my_lambda_functions.aws_lambda_function.delete_lambda",
            "module.my_lambda_functions.aws_lambda_function.get_lambda",
            "module.my_lambda_functions.aws_lambda_function.update_lambda"
          ],
          "create_before_destroy": true
        }
      ]
    },
    {
      "module": "module.my_api_gateway",
      "mode": "managed",
      "type": "aws_api_gateway_integration",
      "name": "delete_integration",
      "provider": "provider[\"registry.terraform.io/hashicorp/aws\"]",
      "instances": [
        {
          "schema_version": 0,
          "attributes": {
            "cache_key_parameters": null,
            "cache_namespace": "331xme",
            "connection_id": "",
            "connection_type": "INTERNET",
            "content_handling": "",
            "credentials": "",
            "http_method": "DELETE",
            "id": "agi-0tkcxigu8l-331xme-DELETE",
            "integration_http_method": "POST",
            "passthrough_behavior": "WHEN_NO_MATCH",
            "request_parameters": null,
            "request_templates": null,
            "resource_id": "331xme",
            "rest_api_id": "0tkcxigu8l",
            "timeout_milliseconds": 29000,
            "tls_config": [],
            "type": "AWS",
            "uri": "arn:aws:apigateway:us-east-1:lambda:path/2015-03-31/functions/arn:aws:lambda:us-east-1:489994096722:function:ismaeeldeletefunction2/invocations"
          },
          "sensitive_attributes": [],
          "private": "bnVsbA==",
          "dependencies": [
            "module.my_api_gateway.aws_api_gateway_method.delete_method",
            "module.my_api_gateway.aws_api_gateway_model.deletemodel1",
            "module.my_api_gateway.aws_api_gateway_request_validator.validator",
            "module.my_api_gateway.aws_api_gateway_resource.resource",
            "module.my_api_gateway.aws_api_gateway_rest_api.api",
            "module.my_lambda_functions.aws_lambda_function.delete_lambda"
          ],
          "create_before_destroy": true
        }
      ]
    },
    {
      "module": "module.my_api_gateway",
      "mode": "managed",
      "type": "aws_api_gateway_integration",
      "name": "get_integration",
      "provider": "provider[\"registry.terraform.io/hashicorp/aws\"]",
      "instances": [
        {
          "schema_version": 0,
          "attributes": {
            "cache_key_parameters": null,
            "cache_namespace": "331xme",
            "connection_id": "",
            "connection_type": "INTERNET",
            "content_handling": "",
            "credentials": "",
            "http_method": "GET",
            "id": "agi-0tkcxigu8l-331xme-GET",
            "integration_http_method": "POST",
            "passthrough_behavior": "WHEN_NO_MATCH",
            "request_parameters": null,
            "request_templates": null,
            "resource_id": "331xme",
            "rest_api_id": "0tkcxigu8l",
            "timeout_milliseconds": 29000,
            "tls_config": [],
            "type": "AWS",
            "uri": "arn:aws:apigateway:us-east-1:lambda:path/2015-03-31/functions/arn:aws:lambda:us-east-1:489994096722:function:ismaeelgetfunction2/invocations"
          },
          "sensitive_attributes": [],
          "private": "bnVsbA==",
          "dependencies": [
            "module.my_api_gateway.aws_api_gateway_method.get_method",
            "module.my_api_gateway.aws_api_gateway_model.getmodel1",
            "module.my_api_gateway.aws_api_gateway_request_validator.validator",
            "module.my_api_gateway.aws_api_gateway_resource.resource",
            "module.my_api_gateway.aws_api_gateway_rest_api.api",
            "module.my_lambda_functions.aws_lambda_function.get_lambda"
          ],
          "create_before_destroy": true
        }
      ]
    },
    {
      "module": "module.my_api_gateway",
      "mode": "managed",
      "type": "aws_api_gateway_integration",
      "name": "integration",
      "provider": "provider[\"registry.terraform.io/hashicorp/aws\"]",
      "instances": [
        {
          "schema_version": 0,
          "attributes": {
            "cache_key_parameters": null,
            "cache_namespace": "331xme",
            "connection_id": "",
            "connection_type": "INTERNET",
            "content_handling": "",
            "credentials": "",
            "http_method": "POST",
            "id": "agi-0tkcxigu8l-331xme-POST",
            "integration_http_method": "POST",
            "passthrough_behavior": "WHEN_NO_MATCH",
            "request_parameters": null,
            "request_templates": null,
            "resource_id": "331xme",
            "rest_api_id": "0tkcxigu8l",
            "timeout_milliseconds": 29000,
            "tls_config": [],
            "type": "AWS",
            "uri": "arn:aws:apigateway:us-east-1:lambda:path/2015-03-31/functions/arn:aws:lambda:us-east-1:489994096722:function:ismaeeelcreatefucntion2/invocations"
          },
          "sensitive_attributes": [],
          "private": "bnVsbA==",
          "dependencies": [
            "module.my_api_gateway.aws_api_gateway_method.create_method2",
            "module.my_api_gateway.aws_api_gateway_model.postmodel1",
            "module.my_api_gateway.aws_api_gateway_request_validator.validator",
            "module.my_api_gateway.aws_api_gateway_resource.resource",
            "module.my_api_gateway.aws_api_gateway_rest_api.api",
            "module.my_lambda_functions.aws_lambda_function.create_lambda"
          ],
          "create_before_destroy": true
        }
      ]
    },
    {
      "module": "module.my_api_gateway",
      "mode": "managed",
      "type": "aws_api_gateway_integration",
      "name": "update_integration",
      "provider": "provider[\"registry.terraform.io/hashicorp/aws\"]",
      "instances": [
        {
          "schema_version": 0,
          "attributes": {
            "cache_key_parameters": null,
            "cache_namespace": "331xme",
            "connection_id": "",
            "connection_type": "INTERNET",
            "content_handling": "",
            "credentials": "",
            "http_method": "PUT",
            "id": "agi-0tkcxigu8l-331xme-PUT",
            "integration_http_method": "POST",
            "passthrough_behavior": "WHEN_NO_MATCH",
            "request_parameters": null,
            "request_templates": null,
            "resource_id": "331xme",
            "rest_api_id": "0tkcxigu8l",
            "timeout_milliseconds": 29000,
            "tls_config": [],
            "type": "AWS",
            "uri": "arn:aws:apigateway:us-east-1:lambda:path/2015-03-31/functions/arn:aws:lambda:us-east-1:489994096722:function:ismaeelupdatefunction2/invocations"
          },
          "sensitive_attributes": [],
          "private": "bnVsbA==",
          "dependencies": [
            "module.my_api_gateway.aws_api_gateway_method.update_method2",
            "module.my_api_gateway.aws_api_gateway_model.updatemodel1",
            "module.my_api_gateway.aws_api_gateway_request_validator.validator",
            "module.my_api_gateway.aws_api_gateway_resource.resource",
            "module.my_api_gateway.aws_api_gateway_rest_api.api",
            "module.my_lambda_functions.aws_lambda_function.update_lambda"
          ],
          "create_before_destroy": true
        }
      ]
    },
    {
      "module": "module.my_api_gateway",
      "mode": "managed",
      "type": "aws_api_gateway_integration_response",
      "name": "MyDemoIntegrationResponse",
      "provider": "provider[\"registry.terraform.io/hashicorp/aws\"]",
      "instances": [
        {
          "schema_version": 0,
          "attributes": {
            "content_handling": "",
            "http_method": "POST",
            "id": "agir-0tkcxigu8l-331xme-POST-200",
            "resource_id": "331xme",
            "response_parameters": null,
            "response_templates": null,
            "rest_api_id": "0tkcxigu8l",
            "selection_pattern": "",
            "status_code": "200"
          },
          "sensitive_attributes": [],
          "private": "bnVsbA==",
          "dependencies": [
            "module.my_api_gateway.aws_api_gateway_integration.integration",
            "module.my_api_gateway.aws_api_gateway_method.create_method2",
            "module.my_api_gateway.aws_api_gateway_method_response.response_200",
            "module.my_api_gateway.aws_api_gateway_model.postmodel1",
            "module.my_api_gateway.aws_api_gateway_request_validator.validator",
            "module.my_api_gateway.aws_api_gateway_resource.resource",
            "module.my_api_gateway.aws_api_gateway_rest_api.api",
            "module.my_lambda_functions.aws_lambda_function.create_lambda"
          ]
        }
      ]
    },
    {
      "module": "module.my_api_gateway",
      "mode": "managed",
      "type": "aws_api_gateway_integration_response",
      "name": "MyDemoIntegrationResponse3",
      "provider": "provider[\"registry.terraform.io/hashicorp/aws\"]",
      "instances": [
        {
          "schema_version": 0,
          "attributes": {
            "content_handling": "",
            "http_method": "PUT",
            "id": "agir-0tkcxigu8l-331xme-PUT-200",
            "resource_id": "331xme",
            "response_parameters": null,
            "response_templates": null,
            "rest_api_id": "0tkcxigu8l",
            "selection_pattern": "",
            "status_code": "200"
          },
          "sensitive_attributes": [],
          "private": "bnVsbA==",
          "dependencies": [
            "module.my_api_gateway.aws_api_gateway_method.update_method2",
            "module.my_api_gateway.aws_api_gateway_method_response.response_2001",
            "module.my_api_gateway.aws_api_gateway_model.updatemodel1",
            "module.my_api_gateway.aws_api_gateway_request_validator.validator",
            "module.my_api_gateway.aws_api_gateway_resource.resource",
            "module.my_api_gateway.aws_api_gateway_rest_api.api"
          ]
        }
      ]
    },
    {
      "module": "module.my_api_gateway",
      "mode": "managed",
      "type": "aws_api_gateway_integration_response",
      "name": "MyDemoIntegrationResponse4",
      "provider": "provider[\"registry.terraform.io/hashicorp/aws\"]",
      "instances": [
        {
          "schema_version": 0,
          "attributes": {
            "content_handling": "",
            "http_method": "DELETE",
            "id": "agir-0tkcxigu8l-331xme-DELETE-200",
            "resource_id": "331xme",
            "response_parameters": null,
            "response_templates": null,
            "rest_api_id": "0tkcxigu8l",
            "selection_pattern": "",
            "status_code": "200"
          },
          "sensitive_attributes": [],
          "private": "bnVsbA==",
          "dependencies": [
            "module.my_api_gateway.aws_api_gateway_method.delete_method",
            "module.my_api_gateway.aws_api_gateway_method_response.response_2002",
            "module.my_api_gateway.aws_api_gateway_model.deletemodel1",
            "module.my_api_gateway.aws_api_gateway_request_validator.validator",
            "module.my_api_gateway.aws_api_gateway_resource.resource",
            "module.my_api_gateway.aws_api_gateway_rest_api.api"
          ]
        }
      ]
    },
    {
      "module": "module.my_api_gateway",
      "mode": "managed",
      "type": "aws_api_gateway_integration_response",
      "name": "get_Integration_Response",
      "provider": "provider[\"registry.terraform.io/hashicorp/aws\"]",
      "instances": [
        {
          "schema_version": 0,
          "attributes": {
            "content_handling": "",
            "http_method": "GET",
            "id": "agir-0tkcxigu8l-331xme-GET-200",
            "resource_id": "331xme",
            "response_parameters": null,
            "response_templates": null,
            "rest_api_id": "0tkcxigu8l",
            "selection_pattern": "",
            "status_code": "200"
          },
          "sensitive_attributes": [],
          "private": "bnVsbA==",
          "dependencies": [
            "module.my_api_gateway.aws_api_gateway_method.get_method",
            "module.my_api_gateway.aws_api_gateway_method_response.get_response_200",
            "module.my_api_gateway.aws_api_gateway_model.getmodel1",
            "module.my_api_gateway.aws_api_gateway_request_validator.validator",
            "module.my_api_gateway.aws_api_gateway_resource.resource",
            "module.my_api_gateway.aws_api_gateway_rest_api.api"
          ]
        }
      ]
    },
    {
      "module": "module.my_api_gateway",
      "mode": "managed",
      "type": "aws_api_gateway_method",
      "name": "create_method2",
      "provider": "provider[\"registry.terraform.io/hashicorp/aws\"]",
      "instances": [
        {
          "schema_version": 0,
          "attributes": {
            "api_key_required": false,
            "authorization": "NONE",
            "authorization_scopes": null,
            "authorizer_id": null,
            "http_method": "POST",
            "id": "agm-0tkcxigu8l-331xme-POST",
            "operation_name": null,
            "request_models": {
              "application/json": "postmodel1"
            },
            "request_parameters": null,
            "request_validator_id": "7fm10g",
            "resource_id": "331xme",
            "rest_api_id": "0tkcxigu8l"
          },
          "sensitive_attributes": [],
          "private": "bnVsbA==",
          "dependencies": [
            "module.my_api_gateway.aws_api_gateway_model.postmodel1",
            "module.my_api_gateway.aws_api_gateway_request_validator.validator",
            "module.my_api_gateway.aws_api_gateway_resource.resource",
            "module.my_api_gateway.aws_api_gateway_rest_api.api"
          ],
          "create_before_destroy": true
        }
      ]
    },
    {
      "module": "module.my_api_gateway",
      "mode": "managed",
      "type": "aws_api_gateway_method",
      "name": "delete_method",
      "provider": "provider[\"registry.terraform.io/hashicorp/aws\"]",
      "instances": [
        {
          "schema_version": 0,
          "attributes": {
            "api_key_required": false,
            "authorization": "NONE",
            "authorization_scopes": null,
            "authorizer_id": null,
            "http_method": "DELETE",
            "id": "agm-0tkcxigu8l-331xme-DELETE",
            "operation_name": null,
            "request_models": {
              "application/json": "deletemodel1"
            },
            "request_parameters": null,
            "request_validator_id": "7fm10g",
            "resource_id": "331xme",
            "rest_api_id": "0tkcxigu8l"
          },
          "sensitive_attributes": [],
          "private": "bnVsbA==",
          "dependencies": [
            "module.my_api_gateway.aws_api_gateway_model.deletemodel1",
            "module.my_api_gateway.aws_api_gateway_request_validator.validator",
            "module.my_api_gateway.aws_api_gateway_resource.resource",
            "module.my_api_gateway.aws_api_gateway_rest_api.api"
          ],
          "create_before_destroy": true
        }
      ]
    },
    {
      "module": "module.my_api_gateway",
      "mode": "managed",
      "type": "aws_api_gateway_method",
      "name": "get_method",
      "provider": "provider[\"registry.terraform.io/hashicorp/aws\"]",
      "instances": [
        {
          "schema_version": 0,
          "attributes": {
            "api_key_required": false,
            "authorization": "NONE",
            "authorization_scopes": null,
            "authorizer_id": null,
            "http_method": "GET",
            "id": "agm-0tkcxigu8l-331xme-GET",
            "operation_name": null,
            "request_models": {
              "application/json": "getmodel1"
            },
            "request_parameters": null,
            "request_validator_id": "7fm10g",
            "resource_id": "331xme",
            "rest_api_id": "0tkcxigu8l"
          },
          "sensitive_attributes": [],
          "private": "bnVsbA==",
          "dependencies": [
            "module.my_api_gateway.aws_api_gateway_model.getmodel1",
            "module.my_api_gateway.aws_api_gateway_request_validator.validator",
            "module.my_api_gateway.aws_api_gateway_resource.resource",
            "module.my_api_gateway.aws_api_gateway_rest_api.api"
          ],
          "create_before_destroy": true
        }
      ]
    },
    {
      "module": "module.my_api_gateway",
      "mode": "managed",
      "type": "aws_api_gateway_method",
      "name": "update_method2",
      "provider": "provider[\"registry.terraform.io/hashicorp/aws\"]",
      "instances": [
        {
          "schema_version": 0,
          "attributes": {
            "api_key_required": false,
            "authorization": "NONE",
            "authorization_scopes": null,
            "authorizer_id": null,
            "http_method": "PUT",
            "id": "agm-0tkcxigu8l-331xme-PUT",
            "operation_name": null,
            "request_models": {
              "application/json": "updatemodel1"
            },
            "request_parameters": null,
            "request_validator_id": "7fm10g",
            "resource_id": "331xme",
            "rest_api_id": "0tkcxigu8l"
          },
          "sensitive_attributes": [],
          "private": "bnVsbA==",
          "dependencies": [
            "module.my_api_gateway.aws_api_gateway_model.updatemodel1",
            "module.my_api_gateway.aws_api_gateway_request_validator.validator",
            "module.my_api_gateway.aws_api_gateway_resource.resource",
            "module.my_api_gateway.aws_api_gateway_rest_api.api"
          ],
          "create_before_destroy": true
        }
      ]
    },
    {
      "module": "module.my_api_gateway",
      "mode": "managed",
      "type": "aws_api_gateway_method_response",
      "name": "get_response_200",
      "provider": "provider[\"registry.terraform.io/hashicorp/aws\"]",
      "instances": [
        {
          "schema_version": 0,
          "attributes": {
            "http_method": "GET",
            "id": "agmr-0tkcxigu8l-331xme-GET-200",
            "resource_id": "331xme",
            "response_models": null,
            "response_parameters": null,
            "rest_api_id": "0tkcxigu8l",
            "status_code": "200"
          },
          "sensitive_attributes": [],
          "private": "bnVsbA==",
          "dependencies": [
            "module.my_api_gateway.aws_api_gateway_method.get_method",
            "module.my_api_gateway.aws_api_gateway_model.getmodel1",
            "module.my_api_gateway.aws_api_gateway_request_validator.validator",
            "module.my_api_gateway.aws_api_gateway_resource.resource",
            "module.my_api_gateway.aws_api_gateway_rest_api.api"
          ]
        }
      ]
    },
    {
      "module": "module.my_api_gateway",
      "mode": "managed",
      "type": "aws_api_gateway_method_response",
      "name": "response_200",
      "provider": "provider[\"registry.terraform.io/hashicorp/aws\"]",
      "instances": [
        {
          "schema_version": 0,
          "attributes": {
            "http_method": "POST",
            "id": "agmr-0tkcxigu8l-331xme-POST-200",
            "resource_id": "331xme",
            "response_models": null,
            "response_parameters": null,
            "rest_api_id": "0tkcxigu8l",
            "status_code": "200"
          },
          "sensitive_attributes": [],
          "private": "bnVsbA==",
          "dependencies": [
            "module.my_api_gateway.aws_api_gateway_method.create_method2",
            "module.my_api_gateway.aws_api_gateway_model.postmodel1",
            "module.my_api_gateway.aws_api_gateway_request_validator.validator",
            "module.my_api_gateway.aws_api_gateway_resource.resource",
            "module.my_api_gateway.aws_api_gateway_rest_api.api"
          ]
        }
      ]
    },
    {
      "module": "module.my_api_gateway",
      "mode": "managed",
      "type": "aws_api_gateway_method_response",
      "name": "response_2001",
      "provider": "provider[\"registry.terraform.io/hashicorp/aws\"]",
      "instances": [
        {
          "schema_version": 0,
          "attributes": {
            "http_method": "PUT",
            "id": "agmr-0tkcxigu8l-331xme-PUT-200",
            "resource_id": "331xme",
            "response_models": null,
            "response_parameters": null,
            "rest_api_id": "0tkcxigu8l",
            "status_code": "200"
          },
          "sensitive_attributes": [],
          "private": "bnVsbA==",
          "dependencies": [
            "module.my_api_gateway.aws_api_gateway_method.update_method2",
            "module.my_api_gateway.aws_api_gateway_model.updatemodel1",
            "module.my_api_gateway.aws_api_gateway_request_validator.validator",
            "module.my_api_gateway.aws_api_gateway_resource.resource",
            "module.my_api_gateway.aws_api_gateway_rest_api.api"
          ]
        }
      ]
    },
    {
      "module": "module.my_api_gateway",
      "mode": "managed",
      "type": "aws_api_gateway_method_response",
      "name": "response_2002",
      "provider": "provider[\"registry.terraform.io/hashicorp/aws\"]",
      "instances": [
        {
          "schema_version": 0,
          "attributes": {
            "http_method": "DELETE",
            "id": "agmr-0tkcxigu8l-331xme-DELETE-200",
            "resource_id": "331xme",
            "response_models": null,
            "response_parameters": null,
            "rest_api_id": "0tkcxigu8l",
            "status_code": "200"
          },
          "sensitive_attributes": [],
          "private": "bnVsbA==",
          "dependencies": [
            "module.my_api_gateway.aws_api_gateway_method.delete_method",
            "module.my_api_gateway.aws_api_gateway_model.deletemodel1",
            "module.my_api_gateway.aws_api_gateway_request_validator.validator",
            "module.my_api_gateway.aws_api_gateway_resource.resource",
            "module.my_api_gateway.aws_api_gateway_rest_api.api"
          ]
        }
      ]
    },
    {
      "module": "module.my_api_gateway",
      "mode": "managed",
      "type": "aws_api_gateway_model",
      "name": "deletemodel1",
      "provider": "provider[\"registry.terraform.io/hashicorp/aws\"]",
      "instances": [
        {
          "schema_version": 0,
          "attributes": {
            "content_type": "application/json",
            "description": "a JSON schema",
            "id": "4c487i",
            "name": "deletemodel1",
            "rest_api_id": "0tkcxigu8l",
            "schema": "{\n    \"$schema\": \"http://json-schema.org/draft-04/schema#\",\n    \"title\":\"User\",\n    \"type\":\"object\",\n    \"properties\":{\n        \"regno\":{\n            \"type\":\"string\"\n        }\n        \n     },\n     \"required\":[\"regno\"]\n  }"
          },
          "sensitive_attributes": [],
          "private": "bnVsbA==",
          "dependencies": [
            "module.my_api_gateway.aws_api_gateway_rest_api.api"
          ],
          "create_before_destroy": true
        }
      ]
    },
    {
      "module": "module.my_api_gateway",
      "mode": "managed",
      "type": "aws_api_gateway_model",
      "name": "getmodel1",
      "provider": "provider[\"registry.terraform.io/hashicorp/aws\"]",
      "instances": [
        {
          "schema_version": 0,
          "attributes": {
            "content_type": "application/json",
            "description": "a JSON schema",
            "id": "ryxv09",
            "name": "getmodel1",
            "rest_api_id": "0tkcxigu8l",
            "schema": "{\n    \"$schema\": \"http://json-schema.org/draft-04/schema#\",\n    \"title\":\"User\",\n    \"type\":\"object\",\n    \"properties\":{\n        \"regno\":{\n            \"type\":\"string\"\n        }\n        \n     },\n     \"required\":[\"regno\"]\n  }"
          },
          "sensitive_attributes": [],
          "private": "bnVsbA==",
          "dependencies": [
            "module.my_api_gateway.aws_api_gateway_rest_api.api"
          ],
          "create_before_destroy": true
        }
      ]
    },
    {
      "module": "module.my_api_gateway",
      "mode": "managed",
      "type": "aws_api_gateway_model",
      "name": "postmodel1",
      "provider": "provider[\"registry.terraform.io/hashicorp/aws\"]",
      "instances": [
        {
          "schema_version": 0,
          "attributes": {
            "content_type": "application/json",
            "description": "a JSON schema",
            "id": "yo2ic4",
            "name": "postmodel1",
            "rest_api_id": "0tkcxigu8l",
            "schema": "{\n    \"$schema\": \"http://json-schema.org/draft-04/schema#\",\n    \"title\":\"User\",\n    \"type\":\"object\",\n    \"properties\":{\n        \"regno\":{\n            \"type\":\"string\"\n        },\n        \"firstname\":{\n            \"type\":\"string\"\n        },\n        \"lastname\":{\n            \"type\":\"string\"\n        },\n        \"section\":{\n            \"type\":\"string\"\n        }\n        \n     },\n     \"required\":[\"regno\",\"firstname\",\"lastname\"]\n  }"
          },
          "sensitive_attributes": [],
          "private": "bnVsbA==",
          "dependencies": [
            "module.my_api_gateway.aws_api_gateway_rest_api.api"
          ],
          "create_before_destroy": true
        }
      ]
    },
    {
      "module": "module.my_api_gateway",
      "mode": "managed",
      "type": "aws_api_gateway_model",
      "name": "updatemodel1",
      "provider": "provider[\"registry.terraform.io/hashicorp/aws\"]",
      "instances": [
        {
          "schema_version": 0,
          "attributes": {
            "content_type": "application/json",
            "description": "a JSON schema",
            "id": "31sqe3",
            "name": "updatemodel1",
            "rest_api_id": "0tkcxigu8l",
            "schema": "{\n    \"$schema\": \"http://json-schema.org/draft-04/schema#\",\n    \"title\":\"User\",\n    \"type\":\"object\",\n    \"properties\":{\n        \"regno\":{\n            \"type\":\"string\"\n        },\n        \"firstname\":{\n            \"type\":\"string\"\n        },\n        \"lastname\":{\n            \"type\":\"string\"\n        },\n        \"section\":{\n            \"type\":\"string\"\n        }\n        \n     },\n     \"required\":[\"regno\",\"firstname\",\"lastname\",\"section\"]\n  }"
          },
          "sensitive_attributes": [],
          "private": "bnVsbA==",
          "dependencies": [
            "module.my_api_gateway.aws_api_gateway_rest_api.api"
          ],
          "create_before_destroy": true
        }
      ]
    },
    {
      "module": "module.my_api_gateway",
      "mode": "managed",
      "type": "aws_api_gateway_request_validator",
      "name": "validator",
      "provider": "provider[\"registry.terraform.io/hashicorp/aws\"]",
      "instances": [
        {
          "schema_version": 0,
          "attributes": {
            "id": "7fm10g",
            "name": "Validatebody",
            "rest_api_id": "0tkcxigu8l",
            "validate_request_body": true,
            "validate_request_parameters": true
          },
          "sensitive_attributes": [],
          "private": "bnVsbA==",
          "dependencies": [
            "module.my_api_gateway.aws_api_gateway_rest_api.api"
          ],
          "create_before_destroy": true
        }
      ]
    },
    {
      "module": "module.my_api_gateway",
      "mode": "managed",
      "type": "aws_api_gateway_resource",
      "name": "resource",
      "provider": "provider[\"registry.terraform.io/hashicorp/aws\"]",
      "instances": [
        {
          "schema_version": 0,
          "attributes": {
            "id": "331xme",
            "parent_id": "teyg9l5gki",
            "path": "/resources",
            "path_part": "resources",
            "rest_api_id": "0tkcxigu8l"
          },
          "sensitive_attributes": [],
          "private": "bnVsbA==",
          "dependencies": [
            "module.my_api_gateway.aws_api_gateway_rest_api.api"
          ],
          "create_before_destroy": true
        }
      ]
    },
    {
      "module": "module.my_api_gateway",
      "mode": "managed",
      "type": "aws_api_gateway_rest_api",
      "name": "api",
      "provider": "provider[\"registry.terraform.io/hashicorp/aws\"]",
      "instances": [
        {
          "schema_version": 0,
          "attributes": {
            "api_key_source": "HEADER",
            "arn": "arn:aws:apigateway:us-east-1::/restapis/0tkcxigu8l",
            "binary_media_types": [],
            "body": null,
            "created_date": "2021-08-23T12:30:13Z",
            "description": "",
            "disable_execute_api_endpoint": false,
            "endpoint_configuration": [
              {
                "types": [
                  "REGIONAL"
                ],
                "vpc_endpoint_ids": []
              }
            ],
            "execution_arn": "arn:aws:execute-api:us-east-1:489994096722:0tkcxigu8l",
            "id": "0tkcxigu8l",
            "minimum_compression_size": -1,
            "name": "ismaeelapiTF2",
            "parameters": null,
            "policy": "",
            "root_resource_id": "teyg9l5gki",
            "tags": null,
            "tags_all": {}
          },
          "sensitive_attributes": [],
          "private": "bnVsbA==",
          "create_before_destroy": true
        }
      ]
    },
    {
      "module": "module.my_api_gateway",
      "mode": "managed",
      "type": "aws_api_gateway_stage",
      "name": "example",
      "provider": "provider[\"registry.terraform.io/hashicorp/aws\"]",
      "instances": [
        {
          "schema_version": 0,
          "attributes": {
            "access_log_settings": [],
            "arn": "arn:aws:apigateway:us-east-1::/restapis/0tkcxigu8l/stages/dev3",
            "cache_cluster_enabled": false,
            "cache_cluster_size": "",
            "client_certificate_id": "",
            "deployment_id": "3ldb45",
            "description": "",
            "documentation_version": "",
            "execution_arn": "arn:aws:execute-api:us-east-1:489994096722:0tkcxigu8l/dev3",
            "id": "ags-0tkcxigu8l-dev3",
            "invoke_url": "https://0tkcxigu8l.execute-api.us-east-1.amazonaws.com/dev3",
            "rest_api_id": "0tkcxigu8l",
            "stage_name": "dev3",
            "tags": null,
            "tags_all": {},
            "variables": null,
            "xray_tracing_enabled": false
          },
          "sensitive_attributes": [],
          "private": "bnVsbA==",
          "dependencies": [
            "module.my_api_gateway.aws_api_gateway_deployment.example",
            "module.my_api_gateway.aws_api_gateway_integration.delete_integration",
            "module.my_api_gateway.aws_api_gateway_integration.get_integration",
            "module.my_api_gateway.aws_api_gateway_integration.integration",
            "module.my_api_gateway.aws_api_gateway_integration.update_integration",
            "module.my_api_gateway.aws_api_gateway_method.create_method2",
            "module.my_api_gateway.aws_api_gateway_method.delete_method",
            "module.my_api_gateway.aws_api_gateway_method.get_method",
            "module.my_api_gateway.aws_api_gateway_method.update_method2",
            "module.my_api_gateway.aws_api_gateway_model.deletemodel1",
            "module.my_api_gateway.aws_api_gateway_model.getmodel1",
            "module.my_api_gateway.aws_api_gateway_model.postmodel1",
            "module.my_api_gateway.aws_api_gateway_model.updatemodel1",
            "module.my_api_gateway.aws_api_gateway_request_validator.validator",
            "module.my_api_gateway.aws_api_gateway_resource.resource",
            "module.my_api_gateway.aws_api_gateway_rest_api.api",
            "module.my_lambda_functions.aws_lambda_function.create_lambda",
            "module.my_lambda_functions.aws_lambda_function.delete_lambda",
            "module.my_lambda_functions.aws_lambda_function.get_lambda",
            "module.my_lambda_functions.aws_lambda_function.update_lambda"
          ]
        }
      ]
    },
    {
      "module": "module.my_api_gateway",
      "mode": "managed",
      "type": "aws_lambda_permission",
      "name": "apigw_lambda2",
      "provider": "provider[\"registry.terraform.io/hashicorp/aws\"]",
      "instances": [
        {
          "schema_version": 0,
          "attributes": {
            "action": "lambda:InvokeFunction",
            "event_source_token": null,
            "function_name": "ismaeelupdatefunction2",
            "id": "AllowExecutionFromAPIGateway",
            "principal": "apigateway.amazonaws.com",
            "qualifier": "",
            "source_account": null,
            "source_arn": "arn:aws:execute-api:us-east-1:489994096722:0tkcxigu8l/*/PUT/resources",
            "statement_id": "AllowExecutionFromAPIGateway",
            "statement_id_prefix": null
          },
          "sensitive_attributes": [],
          "private": "bnVsbA==",
          "dependencies": [
            "module.my_api_gateway.aws_api_gateway_method.update_method2",
            "module.my_api_gateway.aws_api_gateway_model.updatemodel1",
            "module.my_api_gateway.aws_api_gateway_request_validator.validator",
            "module.my_api_gateway.aws_api_gateway_resource.resource",
            "module.my_api_gateway.aws_api_gateway_rest_api.api",
            "module.my_lambda_functions.aws_lambda_function.update_lambda"
          ]
        }
      ]
    },
    {
      "module": "module.my_api_gateway",
      "mode": "managed",
      "type": "aws_lambda_permission",
      "name": "creat_apigw_lambda_permission",
      "provider": "provider[\"registry.terraform.io/hashicorp/aws\"]",
      "instances": [
        {
          "schema_version": 0,
          "attributes": {
            "action": "lambda:InvokeFunction",
            "event_source_token": null,
            "function_name": "ismaeeelcreatefucntion2",
            "id": "AllowExecutionFromAPIGateway",
            "principal": "apigateway.amazonaws.com",
            "qualifier": "",
            "source_account": null,
            "source_arn": "arn:aws:execute-api:us-east-1:489994096722:0tkcxigu8l/*/POST/resources",
            "statement_id": "AllowExecutionFromAPIGateway",
            "statement_id_prefix": null
          },
          "sensitive_attributes": [],
          "private": "bnVsbA==",
          "dependencies": [
            "module.my_api_gateway.aws_api_gateway_method.create_method2",
            "module.my_api_gateway.aws_api_gateway_model.postmodel1",
            "module.my_api_gateway.aws_api_gateway_request_validator.validator",
            "module.my_api_gateway.aws_api_gateway_resource.resource",
            "module.my_api_gateway.aws_api_gateway_rest_api.api",
            "module.my_lambda_functions.aws_lambda_function.create_lambda"
          ]
        }
      ]
    },
    {
      "module": "module.my_api_gateway",
      "mode": "managed",
      "type": "aws_lambda_permission",
      "name": "delete_apigw_lambda_permission",
      "provider": "provider[\"registry.terraform.io/hashicorp/aws\"]",
      "instances": [
        {
          "schema_version": 0,
          "attributes": {
            "action": "lambda:InvokeFunction",
            "event_source_token": null,
            "function_name": "ismaeeldeletefunction2",
            "id": "AllowExecutionFromAPIGateway",
            "principal": "apigateway.amazonaws.com",
            "qualifier": "",
            "source_account": null,
            "source_arn": "arn:aws:execute-api:us-east-1:489994096722:0tkcxigu8l/*/DELETE/resources",
            "statement_id": "AllowExecutionFromAPIGateway",
            "statement_id_prefix": null
          },
          "sensitive_attributes": [],
          "private": "bnVsbA==",
          "dependencies": [
            "module.my_api_gateway.aws_api_gateway_method.delete_method",
            "module.my_api_gateway.aws_api_gateway_model.deletemodel1",
            "module.my_api_gateway.aws_api_gateway_request_validator.validator",
            "module.my_api_gateway.aws_api_gateway_resource.resource",
            "module.my_api_gateway.aws_api_gateway_rest_api.api",
            "module.my_lambda_functions.aws_lambda_function.delete_lambda"
          ]
        }
      ]
    },
    {
      "module": "module.my_api_gateway",
      "mode": "managed",
      "type": "aws_lambda_permission",
      "name": "get_apigw_lambda_permission",
      "provider": "provider[\"registry.terraform.io/hashicorp/aws\"]",
      "instances": [
        {
          "schema_version": 0,
          "attributes": {
            "action": "lambda:InvokeFunction",
            "event_source_token": null,
            "function_name": "ismaeelgetfunction2",
            "id": "AllowExecutionFromAPIGateway",
            "principal": "apigateway.amazonaws.com",
            "qualifier": "",
            "source_account": null,
            "source_arn": "arn:aws:execute-api:us-east-1:489994096722:0tkcxigu8l/*/GET/resources",
            "statement_id": "AllowExecutionFromAPIGateway",
            "statement_id_prefix": null
          },
          "sensitive_attributes": [],
          "private": "bnVsbA==",
          "dependencies": [
            "module.my_api_gateway.aws_api_gateway_method.get_method",
            "module.my_api_gateway.aws_api_gateway_model.getmodel1",
            "module.my_api_gateway.aws_api_gateway_request_validator.validator",
            "module.my_api_gateway.aws_api_gateway_resource.resource",
            "module.my_api_gateway.aws_api_gateway_rest_api.api",
            "module.my_lambda_functions.aws_lambda_function.get_lambda"
          ]
        }
      ]
    },
    {
      "module": "module.my_lambda_functions",
      "mode": "data",
      "type": "archive_file",
      "name": "create",
      "provider": "provider[\"registry.terraform.io/hashicorp/archive\"]",
      "instances": [
        {
          "schema_version": 0,
          "attributes": {
            "excludes": null,
            "id": "6a74a3e12bb6d013e3bdff50e8971ece2e7e49f2",
            "output_base64sha256": "X6WGsdFBis3Kq6vxxMmwKJ8OSRd82QrQDee6RWYFr9o=",
            "output_file_mode": null,
            "output_md5": "04f789d33835bf3c62bc830634532074",
            "output_path": "output/ismaeelCreatedFunctionp.zip",
            "output_sha": "6a74a3e12bb6d013e3bdff50e8971ece2e7e49f2",
            "output_size": 1136,
            "source": [],
            "source_content": null,
            "source_content_filename": null,
            "source_dir": null,
            "source_file": "../modules/lambdas/lambda_functions/ismaeelCreatedFunctionp.py",
            "type": "zip"
          },
          "sensitive_attributes": []
        }
      ]
    },
    {
      "module": "module.my_lambda_functions",
      "mode": "data",
      "type": "archive_file",
      "name": "delete",
      "provider": "provider[\"registry.terraform.io/hashicorp/archive\"]",
      "instances": [
        {
          "schema_version": 0,
          "attributes": {
            "excludes": null,
            "id": "15035f4222e5110403313db6d15195433fba7b53",
            "output_base64sha256": "ES4+6Ye1PFfJzyUi7kNS+2ueWSvLpYsYyqTV8vdkkts=",
            "output_file_mode": null,
            "output_md5": "c510ebfa7f6551d03e16aea8ee8b614b",
            "output_path": "output/ismaeeldeleteFunctionp.zip",
            "output_sha": "15035f4222e5110403313db6d15195433fba7b53",
            "output_size": 803,
            "source": [],
            "source_content": null,
            "source_content_filename": null,
            "source_dir": null,
            "source_file": "../modules/lambdas/lambda_functions/ismaeeldeleteFunctionp.py",
            "type": "zip"
          },
          "sensitive_attributes": []
        }
      ]
    },
    {
      "module": "module.my_lambda_functions",
      "mode": "data",
      "type": "archive_file",
      "name": "get",
      "provider": "provider[\"registry.terraform.io/hashicorp/archive\"]",
      "instances": [
        {
          "schema_version": 0,
          "attributes": {
            "excludes": null,
            "id": "f6154c5436dd72b8ada6d869aa1efc5e3be8bcf3",
            "output_base64sha256": "pQBDb/7z6IhkAxxGLgD17OWH+v6JWy/M7OcVfwt+Vjk=",
            "output_file_mode": null,
            "output_md5": "b746474dcf3e104ee862b28622e2c830",
            "output_path": "output/ismaeelGetITFucntionp.zip",
            "output_sha": "f6154c5436dd72b8ada6d869aa1efc5e3be8bcf3",
            "output_size": 860,
            "source": [],
            "source_content": null,
            "source_content_filename": null,
            "source_dir": null,
            "source_file": "../modules/lambdas/lambda_functions/ismaeelGetITFucntionp.py",
            "type": "zip"
          },
          "sensitive_attributes": []
        }
      ]
    },
    {
      "module": "module.my_lambda_functions",
      "mode": "data",
      "type": "archive_file",
      "name": "update",
      "provider": "provider[\"registry.terraform.io/hashicorp/archive\"]",
      "instances": [
        {
          "schema_version": 0,
          "attributes": {
            "excludes": null,
            "id": "5e6a4e668583c66722c5b09479dfe014f020317e",
            "output_base64sha256": "YmKxU6mlqIt7hfYFp2OiN3lkjAqDb7YToBDimnw59lc=",
            "output_file_mode": null,
            "output_md5": "57ae6001ca0d4874bb194ad8455e57a1",
            "output_path": "output/ismaeelUpdateFunctionp.zip",
            "output_sha": "5e6a4e668583c66722c5b09479dfe014f020317e",
            "output_size": 1657,
            "source": [],
            "source_content": null,
            "source_content_filename": null,
            "source_dir": null,
            "source_file": "../modules/lambdas/lambda_functions/ismaeelUpdateFunctionp.py",
            "type": "zip"
          },
          "sensitive_attributes": []
        }
      ]
    },
    {
      "module": "module.my_lambda_functions",
      "mode": "managed",
      "type": "aws_iam_role",
      "name": "create_role",
      "provider": "provider[\"registry.terraform.io/hashicorp/aws\"]",
      "instances": [
        {
          "schema_version": 0,
          "attributes": {
            "arn": "arn:aws:iam::489994096722:role/create_role",
            "assume_role_policy": "{\"Version\":\"2012-10-17\",\"Statement\":[{\"Sid\":\"\",\"Effect\":\"Allow\",\"Principal\":{\"Service\":\"lambda.amazonaws.com\"},\"Action\":\"sts:AssumeRole\"}]}",
            "create_date": "2021-08-23T10:57:32Z",
            "description": "",
            "force_detach_policies": false,
            "id": "create_role",
            "inline_policy": [
              {
                "name": "create_policy",
                "policy": "{\n    \"Version\": \"2012-10-17\",\n    \"Statement\": [\n        {\n            \"Sid\": \"VisualEditor0\",\n            \"Effect\": \"Allow\",\n            \"Action\": [\n                \"dynamodb:PutItem\",\n                \"dynamodb:GetItem\"\n            ],\n            \"Resource\": \"arn:aws:dynamodb:us-east-1:489994096722:table/ismaeelDB\"\n        }\n    ]\n}"
              }
            ],
            "managed_policy_arns": [],
            "max_session_duration": 3600,
            "name": "create_role",
            "name_prefix": null,
            "path": "/",
            "permissions_boundary": null,
            "tags": {},
            "tags_all": {},
            "unique_id": "AROAXEFPMSBJCXYVA5TGM"
          },
          "sensitive_attributes": [],
          "private": "bnVsbA==",
          "create_before_destroy": true
        }
      ]
    },
    {
      "module": "module.my_lambda_functions",
      "mode": "managed",
      "type": "aws_iam_role",
      "name": "delete_role",
      "provider": "provider[\"registry.terraform.io/hashicorp/aws\"]",
      "instances": [
        {
          "schema_version": 0,
          "attributes": {
            "arn": "arn:aws:iam::489994096722:role/delete_role",
            "assume_role_policy": "{\"Version\":\"2012-10-17\",\"Statement\":[{\"Sid\":\"\",\"Effect\":\"Allow\",\"Principal\":{\"Service\":\"lambda.amazonaws.com\"},\"Action\":\"sts:AssumeRole\"}]}",
            "create_date": "2021-08-23T10:57:32Z",
            "description": "",
            "force_detach_policies": false,
            "id": "delete_role",
            "inline_policy": [
              {
                "name": "delete_policy",
                "policy": "{\n    \"Version\": \"2012-10-17\",\n    \"Statement\": [\n        {\n            \"Sid\": \"VisualEditor0\",\n            \"Effect\": \"Allow\",\n            \"Action\": [\n                \"dynamodb:DeleteItem\",\n                \"dynamodb:GetItem\"\n            ],\n            \"Resource\": \"arn:aws:dynamodb:us-east-1:489994096722:table/ismaeelDB\"\n        }\n    ]\n}"
              }
            ],
            "managed_policy_arns": [],
            "max_session_duration": 3600,
            "name": "delete_role",
            "name_prefix": null,
            "path": "/",
            "permissions_boundary": null,
            "tags": {},
            "tags_all": {},
            "unique_id": "AROAXEFPMSBJOPRP45ODZ"
          },
          "sensitive_attributes": [],
          "private": "bnVsbA==",
          "create_before_destroy": true
        }
      ]
    },
    {
      "module": "module.my_lambda_functions",
      "mode": "managed",
      "type": "aws_iam_role",
      "name": "get_role",
      "provider": "provider[\"registry.terraform.io/hashicorp/aws\"]",
      "instances": [
        {
          "schema_version": 0,
          "attributes": {
            "arn": "arn:aws:iam::489994096722:role/get_role",
            "assume_role_policy": "{\"Version\":\"2012-10-17\",\"Statement\":[{\"Sid\":\"\",\"Effect\":\"Allow\",\"Principal\":{\"Service\":\"lambda.amazonaws.com\"},\"Action\":\"sts:AssumeRole\"}]}",
            "create_date": "2021-08-23T10:57:32Z",
            "description": "",
            "force_detach_policies": false,
            "id": "get_role",
            "inline_policy": [
              {
                "name": "get_policy",
                "policy": "{\n    \"Version\": \"2012-10-17\",\n    \"Statement\": [\n        {\n            \"Sid\": \"VisualEditor0\",\n            \"Effect\": \"Allow\",\n            \"Action\": [\n                \"dynamodb:GetItem\"\n            ],\n            \"Resource\": \"arn:aws:dynamodb:us-east-1:489994096722:table/ismaeelDB\"\n        }\n    ]\n}"
              }
            ],
            "managed_policy_arns": [],
            "max_session_duration": 3600,
            "name": "get_role",
            "name_prefix": null,
            "path": "/",
            "permissions_boundary": null,
            "tags": {},
            "tags_all": {},
            "unique_id": "AROAXEFPMSBJNK7EV67BG"
          },
          "sensitive_attributes": [],
          "private": "bnVsbA==",
          "create_before_destroy": true
        }
      ]
    },
    {
      "module": "module.my_lambda_functions",
      "mode": "managed",
      "type": "aws_iam_role",
      "name": "lambda_role",
      "provider": "provider[\"registry.terraform.io/hashicorp/aws\"]",
      "instances": [
        {
          "schema_version": 0,
          "attributes": {
            "arn": "arn:aws:iam::489994096722:role/lambda_role",
            "assume_role_policy": "{\"Version\":\"2012-10-17\",\"Statement\":[{\"Sid\":\"\",\"Effect\":\"Allow\",\"Principal\":{\"Service\":\"lambda.amazonaws.com\"},\"Action\":\"sts:AssumeRole\"}]}",
            "create_date": "2021-08-23T10:57:32Z",
            "description": "",
            "force_detach_policies": false,
            "id": "lambda_role",
            "inline_policy": [
              {
                "name": "",
                "policy": ""
              }
            ],
            "managed_policy_arns": [],
            "max_session_duration": 3600,
            "name": "lambda_role",
            "name_prefix": null,
            "path": "/",
            "permissions_boundary": null,
            "tags": {},
            "tags_all": {},
            "unique_id": "AROAXEFPMSBJGVBWWSSVP"
          },
          "sensitive_attributes": [],
          "private": "bnVsbA=="
        }
      ]
    },
    {
      "module": "module.my_lambda_functions",
      "mode": "managed",
      "type": "aws_iam_role",
      "name": "update_role",
      "provider": "provider[\"registry.terraform.io/hashicorp/aws\"]",
      "instances": [
        {
          "schema_version": 0,
          "attributes": {
            "arn": "arn:aws:iam::489994096722:role/update_role",
            "assume_role_policy": "{\"Version\":\"2012-10-17\",\"Statement\":[{\"Sid\":\"\",\"Effect\":\"Allow\",\"Principal\":{\"Service\":\"lambda.amazonaws.com\"},\"Action\":\"sts:AssumeRole\"}]}",
            "create_date": "2021-08-23T10:57:32Z",
            "description": "",
            "force_detach_policies": false,
            "id": "update_role",
            "inline_policy": [
              {
                "name": "update_policy",
                "policy": "{\n    \"Version\": \"2012-10-17\",\n    \"Statement\": [\n        {\n            \"Sid\": \"VisualEditor0\",\n            \"Effect\": \"Allow\",\n            \"Action\": [\n                \"dynamodb:UpdateItem\",\n                \"dynamodb:GetItem\"\n            ],\n            \"Resource\": \"arn:aws:dynamodb:us-east-1:489994096722:table/ismaeelDB\"\n        }\n    ]\n}\n"
              }
            ],
            "managed_policy_arns": [],
            "max_session_duration": 3600,
            "name": "update_role",
            "name_prefix": null,
            "path": "/",
            "permissions_boundary": null,
            "tags": {},
            "tags_all": {},
            "unique_id": "AROAXEFPMSBJGRP3ZD5G5"
          },
          "sensitive_attributes": [],
          "private": "bnVsbA==",
          "create_before_destroy": true
        }
      ]
    },
    {
      "module": "module.my_lambda_functions",
      "mode": "managed",
      "type": "aws_iam_role_policy",
      "name": "create_policy",
      "provider": "provider[\"registry.terraform.io/hashicorp/aws\"]",
      "instances": [
        {
          "schema_version": 0,
          "attributes": {
            "id": "create_role:create_policy",
            "name": "create_policy",
            "name_prefix": null,
            "policy": "{\n    \"Version\": \"2012-10-17\",\n    \"Statement\": [\n        {\n            \"Sid\": \"VisualEditor0\",\n            \"Effect\": \"Allow\",\n            \"Action\": [\n                \"dynamodb:PutItem\",\n                \"dynamodb:GetItem\"\n            ],\n            \"Resource\": \"arn:aws:dynamodb:us-east-1:489994096722:table/ismaeelDB\"\n        }\n    ]\n}",
            "role": "create_role"
          },
          "sensitive_attributes": [],
          "private": "bnVsbA==",
          "dependencies": [
            "module.my_lambda_functions.aws_iam_role.create_role"
          ]
        }
      ]
    },
    {
      "module": "module.my_lambda_functions",
      "mode": "managed",
      "type": "aws_iam_role_policy",
      "name": "delete_policy",
      "provider": "provider[\"registry.terraform.io/hashicorp/aws\"]",
      "instances": [
        {
          "schema_version": 0,
          "attributes": {
            "id": "delete_role:delete_policy",
            "name": "delete_policy",
            "name_prefix": null,
            "policy": "{\n    \"Version\": \"2012-10-17\",\n    \"Statement\": [\n        {\n            \"Sid\": \"VisualEditor0\",\n            \"Effect\": \"Allow\",\n            \"Action\": [\n                \"dynamodb:DeleteItem\",\n                \"dynamodb:GetItem\"\n            ],\n            \"Resource\": \"arn:aws:dynamodb:us-east-1:489994096722:table/ismaeelDB\"\n        }\n    ]\n}",
            "role": "delete_role"
          },
          "sensitive_attributes": [],
          "private": "bnVsbA==",
          "dependencies": [
            "module.my_lambda_functions.aws_iam_role.delete_role"
          ]
        }
      ]
    },
    {
      "module": "module.my_lambda_functions",
      "mode": "managed",
      "type": "aws_iam_role_policy",
      "name": "get_policy",
      "provider": "provider[\"registry.terraform.io/hashicorp/aws\"]",
      "instances": [
        {
          "schema_version": 0,
          "attributes": {
            "id": "get_role:get_policy",
            "name": "get_policy",
            "name_prefix": null,
            "policy": "{\n    \"Version\": \"2012-10-17\",\n    \"Statement\": [\n        {\n            \"Sid\": \"VisualEditor0\",\n            \"Effect\": \"Allow\",\n            \"Action\": [\n                \"dynamodb:GetItem\"\n            ],\n            \"Resource\": \"arn:aws:dynamodb:us-east-1:489994096722:table/ismaeelDB\"\n        }\n    ]\n}",
            "role": "get_role"
          },
          "sensitive_attributes": [],
          "private": "bnVsbA==",
          "dependencies": [
            "module.my_lambda_functions.aws_iam_role.get_role"
          ]
        }
      ]
    },
    {
      "module": "module.my_lambda_functions",
      "mode": "managed",
      "type": "aws_iam_role_policy",
      "name": "update_policy",
      "provider": "provider[\"registry.terraform.io/hashicorp/aws\"]",
      "instances": [
        {
          "schema_version": 0,
          "attributes": {
            "id": "update_role:update_policy",
            "name": "update_policy",
            "name_prefix": null,
            "policy": "{\n    \"Version\": \"2012-10-17\",\n    \"Statement\": [\n        {\n            \"Sid\": \"VisualEditor0\",\n            \"Effect\": \"Allow\",\n            \"Action\": [\n                \"dynamodb:UpdateItem\",\n                \"dynamodb:GetItem\"\n            ],\n            \"Resource\": \"arn:aws:dynamodb:us-east-1:489994096722:table/ismaeelDB\"\n        }\n    ]\n}\n",
            "role": "update_role"
          },
          "sensitive_attributes": [],
          "private": "bnVsbA==",
          "dependencies": [
            "module.my_lambda_functions.aws_iam_role.update_role"
          ]
        }
      ]
    },
    {
      "module": "module.my_lambda_functions",
      "mode": "managed",
      "type": "aws_lambda_function",
      "name": "create_lambda",
      "provider": "provider[\"registry.terraform.io/hashicorp/aws\"]",
      "instances": [
        {
          "schema_version": 0,
          "attributes": {
            "arn": "arn:aws:lambda:us-east-1:489994096722:function:ismaeeelcreatefucntion2",
            "code_signing_config_arn": "",
            "dead_letter_config": [],
            "description": "",
            "environment": [],
            "file_system_config": [],
            "filename": "output/ismaeelCreatedFunctionp.zip",
            "function_name": "ismaeeelcreatefucntion2",
            "handler": "ismaeelCreatedFunctionp.lambda_handler",
            "id": "ismaeeelcreatefucntion2",
            "image_config": [],
            "image_uri": "",
            "invoke_arn": "arn:aws:apigateway:us-east-1:lambda:path/2015-03-31/functions/arn:aws:lambda:us-east-1:489994096722:function:ismaeeelcreatefucntion2/invocations",
            "kms_key_arn": "",
            "last_modified": "2021-08-23T10:58:02.468+0000",
            "layers": [],
            "memory_size": 128,
            "package_type": "Zip",
            "publish": false,
            "qualified_arn": "arn:aws:lambda:us-east-1:489994096722:function:ismaeeelcreatefucntion2:$LATEST",
            "reserved_concurrent_executions": -1,
            "role": "arn:aws:iam::489994096722:role/create_role",
            "runtime": "python3.7",
            "s3_bucket": null,
            "s3_key": null,
            "s3_object_version": null,
            "signing_job_arn": "",
            "signing_profile_version_arn": "",
            "source_code_hash": "X6WGsdFBis3Kq6vxxMmwKJ8OSRd82QrQDee6RWYFr9o=",
            "source_code_size": 1136,
            "tags": {},
            "tags_all": {},
            "timeout": 3,
            "timeouts": null,
            "tracing_config": [
              {
                "mode": "PassThrough"
              }
            ],
            "version": "$LATEST",
            "vpc_config": []
          },
          "sensitive_attributes": [],
          "private": "eyJlMmJmYjczMC1lY2FhLTExZTYtOGY4OC0zNDM2M2JjN2M0YzAiOnsiY3JlYXRlIjo2MDAwMDAwMDAwMDB9fQ==",
          "dependencies": [
            "module.my_lambda_functions.aws_iam_role.create_role"
          ],
          "create_before_destroy": true
        }
      ]
    },
    {
      "module": "module.my_lambda_functions",
      "mode": "managed",
      "type": "aws_lambda_function",
      "name": "delete_lambda",
      "provider": "provider[\"registry.terraform.io/hashicorp/aws\"]",
      "instances": [
        {
          "schema_version": 0,
          "attributes": {
            "arn": "arn:aws:lambda:us-east-1:489994096722:function:ismaeeldeletefunction2",
            "code_signing_config_arn": "",
            "dead_letter_config": [],
            "description": "",
            "environment": [],
            "file_system_config": [],
            "filename": "output/ismaeeldeleteFunctionp.zip",
            "function_name": "ismaeeldeletefunction2",
            "handler": "ismaeeldeleteFunctionp.lambda_handler",
            "id": "ismaeeldeletefunction2",
            "image_config": [],
            "image_uri": "",
            "invoke_arn": "arn:aws:apigateway:us-east-1:lambda:path/2015-03-31/functions/arn:aws:lambda:us-east-1:489994096722:function:ismaeeldeletefunction2/invocations",
            "kms_key_arn": "",
            "last_modified": "2021-08-23T10:58:12.429+0000",
            "layers": [],
            "memory_size": 128,
            "package_type": "Zip",
            "publish": false,
            "qualified_arn": "arn:aws:lambda:us-east-1:489994096722:function:ismaeeldeletefunction2:$LATEST",
            "reserved_concurrent_executions": -1,
            "role": "arn:aws:iam::489994096722:role/delete_role",
            "runtime": "python3.7",
            "s3_bucket": null,
            "s3_key": null,
            "s3_object_version": null,
            "signing_job_arn": "",
            "signing_profile_version_arn": "",
            "source_code_hash": "ES4+6Ye1PFfJzyUi7kNS+2ueWSvLpYsYyqTV8vdkkts=",
            "source_code_size": 803,
            "tags": {},
            "tags_all": {},
            "timeout": 3,
            "timeouts": null,
            "tracing_config": [
              {
                "mode": "PassThrough"
              }
            ],
            "version": "$LATEST",
            "vpc_config": []
          },
          "sensitive_attributes": [],
          "private": "eyJlMmJmYjczMC1lY2FhLTExZTYtOGY4OC0zNDM2M2JjN2M0YzAiOnsiY3JlYXRlIjo2MDAwMDAwMDAwMDB9fQ==",
          "dependencies": [
            "module.my_lambda_functions.aws_iam_role.delete_role"
          ],
          "create_before_destroy": true
        }
      ]
    },
    {
      "module": "module.my_lambda_functions",
      "mode": "managed",
      "type": "aws_lambda_function",
      "name": "get_lambda",
      "provider": "provider[\"registry.terraform.io/hashicorp/aws\"]",
      "instances": [
        {
          "schema_version": 0,
          "attributes": {
            "arn": "arn:aws:lambda:us-east-1:489994096722:function:ismaeelgetfunction2",
            "code_signing_config_arn": "",
            "dead_letter_config": [],
            "description": "",
            "environment": [],
            "file_system_config": [],
            "filename": "output/ismaeelGetITFucntionp.zip",
            "function_name": "ismaeelgetfunction2",
            "handler": "ismaeelGetITFucntionp.lambda_handler",
            "id": "ismaeelgetfunction2",
            "image_config": [],
            "image_uri": "",
            "invoke_arn": "arn:aws:apigateway:us-east-1:lambda:path/2015-03-31/functions/arn:aws:lambda:us-east-1:489994096722:function:ismaeelgetfunction2/invocations",
            "kms_key_arn": "",
            "last_modified": "2021-08-23T10:57:52.638+0000",
            "layers": [],
            "memory_size": 128,
            "package_type": "Zip",
            "publish": false,
            "qualified_arn": "arn:aws:lambda:us-east-1:489994096722:function:ismaeelgetfunction2:$LATEST",
            "reserved_concurrent_executions": -1,
            "role": "arn:aws:iam::489994096722:role/get_role",
            "runtime": "python3.7",
            "s3_bucket": null,
            "s3_key": null,
            "s3_object_version": null,
            "signing_job_arn": "",
            "signing_profile_version_arn": "",
            "source_code_hash": "pQBDb/7z6IhkAxxGLgD17OWH+v6JWy/M7OcVfwt+Vjk=",
            "source_code_size": 860,
            "tags": {},
            "tags_all": {},
            "timeout": 3,
            "timeouts": null,
            "tracing_config": [
              {
                "mode": "PassThrough"
              }
            ],
            "version": "$LATEST",
            "vpc_config": []
          },
          "sensitive_attributes": [],
          "private": "eyJlMmJmYjczMC1lY2FhLTExZTYtOGY4OC0zNDM2M2JjN2M0YzAiOnsiY3JlYXRlIjo2MDAwMDAwMDAwMDB9fQ==",
          "dependencies": [
            "module.my_lambda_functions.aws_iam_role.get_role"
          ],
          "create_before_destroy": true
        }
      ]
    },
    {
      "module": "module.my_lambda_functions",
      "mode": "managed",
      "type": "aws_lambda_function",
      "name": "update_lambda",
      "provider": "provider[\"registry.terraform.io/hashicorp/aws\"]",
      "instances": [
        {
          "schema_version": 0,
          "attributes": {
            "arn": "arn:aws:lambda:us-east-1:489994096722:function:ismaeelupdatefunction2",
            "code_signing_config_arn": "",
            "dead_letter_config": [],
            "description": "",
            "environment": [],
            "file_system_config": [],
            "filename": "output/ismaeelUpdateFunctionp.zip",
            "function_name": "ismaeelupdatefunction2",
            "handler": "ismaeelUpdateFunctionp.lambda_handler",
            "id": "ismaeelupdatefunction2",
            "image_config": [],
            "image_uri": "",
            "invoke_arn": "arn:aws:apigateway:us-east-1:lambda:path/2015-03-31/functions/arn:aws:lambda:us-east-1:489994096722:function:ismaeelupdatefunction2/invocations",
            "kms_key_arn": "",
            "last_modified": "2021-08-23T10:58:22.334+0000",
            "layers": [],
            "memory_size": 128,
            "package_type": "Zip",
            "publish": false,
            "qualified_arn": "arn:aws:lambda:us-east-1:489994096722:function:ismaeelupdatefunction2:$LATEST",
            "reserved_concurrent_executions": -1,
            "role": "arn:aws:iam::489994096722:role/update_role",
            "runtime": "python3.7",
            "s3_bucket": null,
            "s3_key": null,
            "s3_object_version": null,
            "signing_job_arn": "",
            "signing_profile_version_arn": "",
            "source_code_hash": "YmKxU6mlqIt7hfYFp2OiN3lkjAqDb7YToBDimnw59lc=",
            "source_code_size": 1657,
            "tags": {},
            "tags_all": {},
            "timeout": 3,
            "timeouts": null,
            "tracing_config": [
              {
                "mode": "PassThrough"
              }
            ],
            "version": "$LATEST",
            "vpc_config": []
          },
          "sensitive_attributes": [],
          "private": "eyJlMmJmYjczMC1lY2FhLTExZTYtOGY4OC0zNDM2M2JjN2M0YzAiOnsiY3JlYXRlIjo2MDAwMDAwMDAwMDB9fQ==",
          "dependencies": [
            "module.my_lambda_functions.aws_iam_role.update_role"
          ],
          "create_before_destroy": true
        }
      ]
    }
  ]
}
